// !$*UTF8*$!
{
	archiveVersion = 1;
	classes = {
	};
	objectVersion = 50;
	objects = {

/* Begin PBXBuildFile section */
		CB12720225FCCDC900FD7D12 /* SWRevealViewController.m in Sources */ = {isa = PBXBuildFile; fileRef = CB12720125FCCDC900FD7D12 /* SWRevealViewController.m */; };
		CB14887B25F758700049C2D2 /* AppDelegate.swift in Sources */ = {isa = PBXBuildFile; fileRef = CB14887A25F758700049C2D2 /* AppDelegate.swift */; };
		CB14887D25F758700049C2D2 /* SceneDelegate.swift in Sources */ = {isa = PBXBuildFile; fileRef = CB14887C25F758700049C2D2 /* SceneDelegate.swift */; };
		CB14888225F758700049C2D2 /* Main.storyboard in Resources */ = {isa = PBXBuildFile; fileRef = CB14888025F758700049C2D2 /* Main.storyboard */; };
		CB14888525F758700049C2D2 /* MemoApp.xcdatamodeld in Sources */ = {isa = PBXBuildFile; fileRef = CB14888325F758700049C2D2 /* MemoApp.xcdatamodeld */; };
		CB14888725F758700049C2D2 /* Assets.xcassets in Resources */ = {isa = PBXBuildFile; fileRef = CB14888625F758700049C2D2 /* Assets.xcassets */; };
		CB14888A25F758700049C2D2 /* LaunchScreen.storyboard in Resources */ = {isa = PBXBuildFile; fileRef = CB14888825F758700049C2D2 /* LaunchScreen.storyboard */; };
		CB14889525F770470049C2D2 /* MemoListTableViewController.swift in Sources */ = {isa = PBXBuildFile; fileRef = CB14889425F770470049C2D2 /* MemoListTableViewController.swift */; };
		CB14889825F770750049C2D2 /* MemoFormViewController.swift in Sources */ = {isa = PBXBuildFile; fileRef = CB14889725F770750049C2D2 /* MemoFormViewController.swift */; };
		CB14889B25F7707E0049C2D2 /* MemoReadViewController.swift in Sources */ = {isa = PBXBuildFile; fileRef = CB14889A25F7707E0049C2D2 /* MemoReadViewController.swift */; };
		CB14889E25F770B00049C2D2 /* MemoCell.swift in Sources */ = {isa = PBXBuildFile; fileRef = CB14889D25F770B00049C2D2 /* MemoCell.swift */; };
		CB1488A125F7710A0049C2D2 /* MemoData.swift in Sources */ = {isa = PBXBuildFile; fileRef = CB1488A025F7710A0049C2D2 /* MemoData.swift */; };
		CBA8CD0F25F9F05700E51BCC /* CSLogButton.swift in Sources */ = {isa = PBXBuildFile; fileRef = CBA8CD0E25F9F05700E51BCC /* CSLogButton.swift */; };
		CBA8CD1F25F9F1B300E51BCC /* profile-bg.png in Resources */ = {isa = PBXBuildFile; fileRef = CBA8CD1325F9F1B300E51BCC /* profile-bg.png */; };
		CBA8CD2025F9F1B300E51BCC /* icon02.png in Resources */ = {isa = PBXBuildFile; fileRef = CBA8CD1425F9F1B300E51BCC /* icon02.png */; };
		CBA8CD2125F9F1B300E51BCC /* icon03.png in Resources */ = {isa = PBXBuildFile; fileRef = CBA8CD1525F9F1B300E51BCC /* icon03.png */; };
		CBA8CD2225F9F1B300E51BCC /* icon01.png in Resources */ = {isa = PBXBuildFile; fileRef = CBA8CD1625F9F1B300E51BCC /* icon01.png */; };
		CBA8CD2325F9F1B300E51BCC /* warning-icon-60@2x.png in Resources */ = {isa = PBXBuildFile; fileRef = CBA8CD1725F9F1B300E51BCC /* warning-icon-60@2x.png */; };
		CBA8CD2425F9F1B300E51BCC /* icon04.png in Resources */ = {isa = PBXBuildFile; fileRef = CBA8CD1825F9F1B300E51BCC /* icon04.png */; };
		CBA8CD2525F9F1B300E51BCC /* icon05.png in Resources */ = {isa = PBXBuildFile; fileRef = CBA8CD1925F9F1B300E51BCC /* icon05.png */; };
		CBA8CD2625F9F1B300E51BCC /* icon06.png in Resources */ = {isa = PBXBuildFile; fileRef = CBA8CD1A25F9F1B300E51BCC /* icon06.png */; };
		CBA8CD2725F9F1B300E51BCC /* sidemenu.png in Resources */ = {isa = PBXBuildFile; fileRef = CBA8CD1B25F9F1B300E51BCC /* sidemenu.png */; };
		CBA8CD2825F9F1B300E51BCC /* account@2x.jpg in Resources */ = {isa = PBXBuildFile; fileRef = CBA8CD1C25F9F1B300E51BCC /* account@2x.jpg */; };
		CBA8CD2925F9F1B300E51BCC /* memo-background@2x.png in Resources */ = {isa = PBXBuildFile; fileRef = CBA8CD1D25F9F1B300E51BCC /* memo-background@2x.png */; };
		CBA8CD2A25F9F1B300E51BCC /* button-bg.png in Resources */ = {isa = PBXBuildFile; fileRef = CBA8CD1E25F9F1B300E51BCC /* button-bg.png */; };
		CBCA172025FCD51200BB4C68 /* SideBarTableViewController.swift in Sources */ = {isa = PBXBuildFile; fileRef = CBCA171F25FCD51200BB4C68 /* SideBarTableViewController.swift */; };
		CBCA172325FDE8AA00BB4C68 /* ProfileViewController.swift in Sources */ = {isa = PBXBuildFile; fileRef = CBCA172225FDE8AA00BB4C68 /* ProfileViewController.swift */; };
		CBD315C425FF221B00515C18 /* UserInfokey.swift in Sources */ = {isa = PBXBuildFile; fileRef = CBD315C325FF221B00515C18 /* UserInfokey.swift */; };
		CBD315C725FF243400515C18 /* UserInfoManager.swift in Sources */ = {isa = PBXBuildFile; fileRef = CBD315C625FF243400515C18 /* UserInfoManager.swift */; };
/* End PBXBuildFile section */

/* Begin PBXFileReference section */
		CB1271FF25FCCDC800FD7D12 /* MemoApp-Bridging-Header.h */ = {isa = PBXFileReference; lastKnownFileType = sourcecode.c.h; path = "MemoApp-Bridging-Header.h"; sourceTree = "<group>"; };
		CB12720025FCCDC900FD7D12 /* SWRevealViewController.h */ = {isa = PBXFileReference; fileEncoding = 4; lastKnownFileType = sourcecode.c.h; path = SWRevealViewController.h; sourceTree = "<group>"; };
		CB12720125FCCDC900FD7D12 /* SWRevealViewController.m */ = {isa = PBXFileReference; fileEncoding = 4; lastKnownFileType = sourcecode.c.objc; path = SWRevealViewController.m; sourceTree = "<group>"; };
		CB14887725F758700049C2D2 /* MemoApp.app */ = {isa = PBXFileReference; explicitFileType = wrapper.application; includeInIndex = 0; path = MemoApp.app; sourceTree = BUILT_PRODUCTS_DIR; };
		CB14887A25F758700049C2D2 /* AppDelegate.swift */ = {isa = PBXFileReference; lastKnownFileType = sourcecode.swift; path = AppDelegate.swift; sourceTree = "<group>"; };
		CB14887C25F758700049C2D2 /* SceneDelegate.swift */ = {isa = PBXFileReference; lastKnownFileType = sourcecode.swift; path = SceneDelegate.swift; sourceTree = "<group>"; };
		CB14888125F758700049C2D2 /* Base */ = {isa = PBXFileReference; lastKnownFileType = file.storyboard; name = Base; path = Base.lproj/Main.storyboard; sourceTree = "<group>"; };
		CB14888425F758700049C2D2 /* MemoApp.xcdatamodel */ = {isa = PBXFileReference; lastKnownFileType = wrapper.xcdatamodel; path = MemoApp.xcdatamodel; sourceTree = "<group>"; };
		CB14888625F758700049C2D2 /* Assets.xcassets */ = {isa = PBXFileReference; lastKnownFileType = folder.assetcatalog; path = Assets.xcassets; sourceTree = "<group>"; };
		CB14888925F758700049C2D2 /* Base */ = {isa = PBXFileReference; lastKnownFileType = file.storyboard; name = Base; path = Base.lproj/LaunchScreen.storyboard; sourceTree = "<group>"; };
		CB14888B25F758700049C2D2 /* Info.plist */ = {isa = PBXFileReference; lastKnownFileType = text.plist.xml; path = Info.plist; sourceTree = "<group>"; };
		CB14889425F770470049C2D2 /* MemoListTableViewController.swift */ = {isa = PBXFileReference; lastKnownFileType = sourcecode.swift; path = MemoListTableViewController.swift; sourceTree = "<group>"; };
		CB14889725F770750049C2D2 /* MemoFormViewController.swift */ = {isa = PBXFileReference; lastKnownFileType = sourcecode.swift; path = MemoFormViewController.swift; sourceTree = "<group>"; };
		CB14889A25F7707E0049C2D2 /* MemoReadViewController.swift */ = {isa = PBXFileReference; lastKnownFileType = sourcecode.swift; path = MemoReadViewController.swift; sourceTree = "<group>"; };
		CB14889D25F770B00049C2D2 /* MemoCell.swift */ = {isa = PBXFileReference; lastKnownFileType = sourcecode.swift; path = MemoCell.swift; sourceTree = "<group>"; };
		CB1488A025F7710A0049C2D2 /* MemoData.swift */ = {isa = PBXFileReference; lastKnownFileType = sourcecode.swift; path = MemoData.swift; sourceTree = "<group>"; };
		CBA8CD0E25F9F05700E51BCC /* CSLogButton.swift */ = {isa = PBXFileReference; lastKnownFileType = sourcecode.swift; path = CSLogButton.swift; sourceTree = "<group>"; };
		CBA8CD1325F9F1B300E51BCC /* profile-bg.png */ = {isa = PBXFileReference; lastKnownFileType = image.png; path = "profile-bg.png"; sourceTree = "<group>"; };
		CBA8CD1425F9F1B300E51BCC /* icon02.png */ = {isa = PBXFileReference; lastKnownFileType = image.png; path = icon02.png; sourceTree = "<group>"; };
		CBA8CD1525F9F1B300E51BCC /* icon03.png */ = {isa = PBXFileReference; lastKnownFileType = image.png; path = icon03.png; sourceTree = "<group>"; };
		CBA8CD1625F9F1B300E51BCC /* icon01.png */ = {isa = PBXFileReference; lastKnownFileType = image.png; path = icon01.png; sourceTree = "<group>"; };
		CBA8CD1725F9F1B300E51BCC /* warning-icon-60@2x.png */ = {isa = PBXFileReference; lastKnownFileType = image.png; path = "warning-icon-60@2x.png"; sourceTree = "<group>"; };
		CBA8CD1825F9F1B300E51BCC /* icon04.png */ = {isa = PBXFileReference; lastKnownFileType = image.png; path = icon04.png; sourceTree = "<group>"; };
		CBA8CD1925F9F1B300E51BCC /* icon05.png */ = {isa = PBXFileReference; lastKnownFileType = image.png; path = icon05.png; sourceTree = "<group>"; };
		CBA8CD1A25F9F1B300E51BCC /* icon06.png */ = {isa = PBXFileReference; lastKnownFileType = image.png; path = icon06.png; sourceTree = "<group>"; };
		CBA8CD1B25F9F1B300E51BCC /* sidemenu.png */ = {isa = PBXFileReference; lastKnownFileType = image.png; path = sidemenu.png; sourceTree = "<group>"; };
		CBA8CD1C25F9F1B300E51BCC /* account@2x.jpg */ = {isa = PBXFileReference; lastKnownFileType = image.jpeg; path = "account@2x.jpg"; sourceTree = "<group>"; };
		CBA8CD1D25F9F1B300E51BCC /* memo-background@2x.png */ = {isa = PBXFileReference; lastKnownFileType = image.png; path = "memo-background@2x.png"; sourceTree = "<group>"; };
		CBA8CD1E25F9F1B300E51BCC /* button-bg.png */ = {isa = PBXFileReference; lastKnownFileType = image.png; path = "button-bg.png"; sourceTree = "<group>"; };
		CBCA171F25FCD51200BB4C68 /* SideBarTableViewController.swift */ = {isa = PBXFileReference; lastKnownFileType = sourcecode.swift; path = SideBarTableViewController.swift; sourceTree = "<group>"; };
		CBCA172225FDE8AA00BB4C68 /* ProfileViewController.swift */ = {isa = PBXFileReference; lastKnownFileType = sourcecode.swift; path = ProfileViewController.swift; sourceTree = "<group>"; };
		CBD315C325FF221B00515C18 /* UserInfokey.swift */ = {isa = PBXFileReference; lastKnownFileType = sourcecode.swift; path = UserInfokey.swift; sourceTree = "<group>"; };
		CBD315C625FF243400515C18 /* UserInfoManager.swift */ = {isa = PBXFileReference; lastKnownFileType = sourcecode.swift; path = UserInfoManager.swift; sourceTree = "<group>"; };
/* End PBXFileReference section */

/* Begin PBXFrameworksBuildPhase section */
		CB14887425F758700049C2D2 /* Frameworks */ = {
			isa = PBXFrameworksBuildPhase;
			buildActionMask = 2147483647;
			files = (
			);
			runOnlyForDeploymentPostprocessing = 0;
		};
/* End PBXFrameworksBuildPhase section */

/* Begin PBXGroup section */
		CB14886E25F758700049C2D2 = {
			isa = PBXGroup;
			children = (
				CBA8CD1225F9F1B300E51BCC /* Resources */,
				CB14887925F758700049C2D2 /* MemoApp */,
				CB14887825F758700049C2D2 /* Products */,
			);
			sourceTree = "<group>";
		};
		CB14887825F758700049C2D2 /* Products */ = {
			isa = PBXGroup;
			children = (
				CB14887725F758700049C2D2 /* MemoApp.app */,
			);
			name = Products;
			sourceTree = "<group>";
		};
		CB14887925F758700049C2D2 /* MemoApp */ = {
			isa = PBXGroup;
			children = (
				CBCA172225FDE8AA00BB4C68 /* ProfileViewController.swift */,
				CB1271FF25FCCDC800FD7D12 /* MemoApp-Bridging-Header.h */,
				CB12720025FCCDC900FD7D12 /* SWRevealViewController.h */,
				CB12720125FCCDC900FD7D12 /* SWRevealViewController.m */,
				CB14887A25F758700049C2D2 /* AppDelegate.swift */,
				CB14887C25F758700049C2D2 /* SceneDelegate.swift */,
				CB14888025F758700049C2D2 /* Main.storyboard */,
				CB1488A025F7710A0049C2D2 /* MemoData.swift */,
				CB14889D25F770B00049C2D2 /* MemoCell.swift */,
				CB14889425F770470049C2D2 /* MemoListTableViewController.swift */,
				CBCA171F25FCD51200BB4C68 /* SideBarTableViewController.swift */,
				CBA8CD0E25F9F05700E51BCC /* CSLogButton.swift */,
				CB14889725F770750049C2D2 /* MemoFormViewController.swift */,
				CB14889A25F7707E0049C2D2 /* MemoReadViewController.swift */,
				CB14888625F758700049C2D2 /* Assets.xcassets */,
				CB14888825F758700049C2D2 /* LaunchScreen.storyboard */,
				CB14888B25F758700049C2D2 /* Info.plist */,
				CB14888325F758700049C2D2 /* MemoApp.xcdatamodeld */,
				CBD315C325FF221B00515C18 /* UserInfokey.swift */,
				CBD315C625FF243400515C18 /* UserInfoManager.swift */,
			);
			path = MemoApp;
			sourceTree = "<group>";
		};
		CBA8CD1225F9F1B300E51BCC /* Resources */ = {
			isa = PBXGroup;
			children = (
				CBA8CD1325F9F1B300E51BCC /* profile-bg.png */,
				CBA8CD1425F9F1B300E51BCC /* icon02.png */,
				CBA8CD1525F9F1B300E51BCC /* icon03.png */,
				CBA8CD1625F9F1B300E51BCC /* icon01.png */,
				CBA8CD1725F9F1B300E51BCC /* warning-icon-60@2x.png */,
				CBA8CD1825F9F1B300E51BCC /* icon04.png */,
				CBA8CD1925F9F1B300E51BCC /* icon05.png */,
				CBA8CD1A25F9F1B300E51BCC /* icon06.png */,
				CBA8CD1B25F9F1B300E51BCC /* sidemenu.png */,
				CBA8CD1C25F9F1B300E51BCC /* account@2x.jpg */,
				CBA8CD1D25F9F1B300E51BCC /* memo-background@2x.png */,
				CBA8CD1E25F9F1B300E51BCC /* button-bg.png */,
			);
			path = Resources;
			sourceTree = "<group>";
		};
/* End PBXGroup section */

/* Begin PBXNativeTarget section */
		CB14887625F758700049C2D2 /* MemoApp */ = {
			isa = PBXNativeTarget;
			buildConfigurationList = CB14888E25F758700049C2D2 /* Build configuration list for PBXNativeTarget "MemoApp" */;
			buildPhases = (
				CB14887325F758700049C2D2 /* Sources */,
				CB14887425F758700049C2D2 /* Frameworks */,
				CB14887525F758700049C2D2 /* Resources */,
			);
			buildRules = (
			);
			dependencies = (
			);
			name = MemoApp;
			productName = MemoApp;
			productReference = CB14887725F758700049C2D2 /* MemoApp.app */;
			productType = "com.apple.product-type.application";
		};
/* End PBXNativeTarget section */

/* Begin PBXProject section */
		CB14886F25F758700049C2D2 /* Project object */ = {
			isa = PBXProject;
			attributes = {
				LastSwiftUpdateCheck = 1240;
				LastUpgradeCheck = 1240;
				TargetAttributes = {
					CB14887625F758700049C2D2 = {
						CreatedOnToolsVersion = 12.4;
						LastSwiftMigration = 1240;
					};
				};
			};
			buildConfigurationList = CB14887225F758700049C2D2 /* Build configuration list for PBXProject "MemoApp" */;
			compatibilityVersion = "Xcode 9.3";
			developmentRegion = en;
			hasScannedForEncodings = 0;
			knownRegions = (
				en,
				Base,
			);
			mainGroup = CB14886E25F758700049C2D2;
			productRefGroup = CB14887825F758700049C2D2 /* Products */;
			projectDirPath = "";
			projectRoot = "";
			targets = (
				CB14887625F758700049C2D2 /* MemoApp */,
			);
		};
/* End PBXProject section */

/* Begin PBXResourcesBuildPhase section */
		CB14887525F758700049C2D2 /* Resources */ = {
			isa = PBXResourcesBuildPhase;
			buildActionMask = 2147483647;
			files = (
				CBA8CD2925F9F1B300E51BCC /* memo-background@2x.png in Resources */,
				CBA8CD2A25F9F1B300E51BCC /* button-bg.png in Resources */,
				CBA8CD1F25F9F1B300E51BCC /* profile-bg.png in Resources */,
				CB14888A25F758700049C2D2 /* LaunchScreen.storyboard in Resources */,
				CBA8CD2325F9F1B300E51BCC /* warning-icon-60@2x.png in Resources */,
				CB14888725F758700049C2D2 /* Assets.xcassets in Resources */,
				CBA8CD2125F9F1B300E51BCC /* icon03.png in Resources */,
				CBA8CD2425F9F1B300E51BCC /* icon04.png in Resources */,
				CBA8CD2225F9F1B300E51BCC /* icon01.png in Resources */,
				CB14888225F758700049C2D2 /* Main.storyboard in Resources */,
				CBA8CD2025F9F1B300E51BCC /* icon02.png in Resources */,
				CBA8CD2725F9F1B300E51BCC /* sidemenu.png in Resources */,
				CBA8CD2625F9F1B300E51BCC /* icon06.png in Resources */,
				CBA8CD2525F9F1B300E51BCC /* icon05.png in Resources */,
				CBA8CD2825F9F1B300E51BCC /* account@2x.jpg in Resources */,
			);
			runOnlyForDeploymentPostprocessing = 0;
		};
/* End PBXResourcesBuildPhase section */

/* Begin PBXSourcesBuildPhase section */
		CB14887325F758700049C2D2 /* Sources */ = {
			isa = PBXSourcesBuildPhase;
			buildActionMask = 2147483647;
			files = (
				CBD315C725FF243400515C18 /* UserInfoManager.swift in Sources */,
				CBA8CD0F25F9F05700E51BCC /* CSLogButton.swift in Sources */,
				CB14889E25F770B00049C2D2 /* MemoCell.swift in Sources */,
				CB1488A125F7710A0049C2D2 /* MemoData.swift in Sources */,
				CB14889B25F7707E0049C2D2 /* MemoReadViewController.swift in Sources */,
				CB14889825F770750049C2D2 /* MemoFormViewController.swift in Sources */,
				CB14887B25F758700049C2D2 /* AppDelegate.swift in Sources */,
				CBCA172325FDE8AA00BB4C68 /* ProfileViewController.swift in Sources */,
				CB14887D25F758700049C2D2 /* SceneDelegate.swift in Sources */,
				CB12720225FCCDC900FD7D12 /* SWRevealViewController.m in Sources */,
				CB14888525F758700049C2D2 /* MemoApp.xcdatamodeld in Sources */,
				CBD315C425FF221B00515C18 /* UserInfokey.swift in Sources */,
				CB14889525F770470049C2D2 /* MemoListTableViewController.swift in Sources */,
				CBCA172025FCD51200BB4C68 /* SideBarTableViewController.swift in Sources */,
			);
			runOnlyForDeploymentPostprocessing = 0;
		};
/* End PBXSourcesBuildPhase section */

/* Begin PBXVariantGroup section */
		CB14888025F758700049C2D2 /* Main.storyboard */ = {
			isa = PBXVariantGroup;
			children = (
				CB14888125F758700049C2D2 /* Base */,
			);
			name = Main.storyboard;
			sourceTree = "<group>";
		};
		CB14888825F758700049C2D2 /* LaunchScreen.storyboard */ = {
			isa = PBXVariantGroup;
			children = (
				CB14888925F758700049C2D2 /* Base */,
			);
			name = LaunchScreen.storyboard;
			sourceTree = "<group>";
		};
/* End PBXVariantGroup section */

/* Begin XCBuildConfiguration section */
		CB14888C25F758700049C2D2 /* Debug */ = {
			isa = XCBuildConfiguration;
			buildSettings = {
				ALWAYS_SEARCH_USER_PATHS = NO;
				CLANG_ANALYZER_NONNULL = YES;
				CLANG_ANALYZER_NUMBER_OBJECT_CONVERSION = YES_AGGRESSIVE;
				CLANG_CXX_LANGUAGE_STANDARD = "gnu++14";
				CLANG_CXX_LIBRARY = "libc++";
				CLANG_ENABLE_MODULES = YES;
				CLANG_ENABLE_OBJC_ARC = YES;
				CLANG_ENABLE_OBJC_WEAK = YES;
				CLANG_WARN_BLOCK_CAPTURE_AUTORELEASING = YES;
				CLANG_WARN_BOOL_CONVERSION = YES;
				CLANG_WARN_COMMA = YES;
				CLANG_WARN_CONSTANT_CONVERSION = YES;
				CLANG_WARN_DEPRECATED_OBJC_IMPLEMENTATIONS = YES;
				CLANG_WARN_DIRECT_OBJC_ISA_USAGE = YES_ERROR;
				CLANG_WARN_DOCUMENTATION_COMMENTS = YES;
				CLANG_WARN_EMPTY_BODY = YES;
				CLANG_WARN_ENUM_CONVERSION = YES;
				CLANG_WARN_INFINITE_RECURSION = YES;
				CLANG_WARN_INT_CONVERSION = YES;
				CLANG_WARN_NON_LITERAL_NULL_CONVERSION = YES;
				CLANG_WARN_OBJC_IMPLICIT_RETAIN_SELF = YES;
				CLANG_WARN_OBJC_LITERAL_CONVERSION = YES;
				CLANG_WARN_OBJC_ROOT_CLASS = YES_ERROR;
				CLANG_WARN_QUOTED_INCLUDE_IN_FRAMEWORK_HEADER = YES;
				CLANG_WARN_RANGE_LOOP_ANALYSIS = YES;
				CLANG_WARN_STRICT_PROTOTYPES = YES;
				CLANG_WARN_SUSPICIOUS_MOVE = YES;
				CLANG_WARN_UNGUARDED_AVAILABILITY = YES_AGGRESSIVE;
				CLANG_WARN_UNREACHABLE_CODE = YES;
				CLANG_WARN__DUPLICATE_METHOD_MATCH = YES;
				COPY_PHASE_STRIP = NO;
				DEBUG_INFORMATION_FORMAT = dwarf;
				ENABLE_STRICT_OBJC_MSGSEND = YES;
				ENABLE_TESTABILITY = YES;
				GCC_C_LANGUAGE_STANDARD = gnu11;
				GCC_DYNAMIC_NO_PIC = NO;
				GCC_NO_COMMON_BLOCKS = YES;
				GCC_OPTIMIZATION_LEVEL = 0;
				GCC_PREPROCESSOR_DEFINITIONS = (
					"DEBUG=1",
					"$(inherited)",
				);
				GCC_WARN_64_TO_32_BIT_CONVERSION = YES;
				GCC_WARN_ABOUT_RETURN_TYPE = YES_ERROR;
				GCC_WARN_UNDECLARED_SELECTOR = YES;
				GCC_WARN_UNINITIALIZED_AUTOS = YES_AGGRESSIVE;
				GCC_WARN_UNUSED_FUNCTION = YES;
				GCC_WARN_UNUSED_VARIABLE = YES;
				IPHONEOS_DEPLOYMENT_TARGET = 14.4;
				MTL_ENABLE_DEBUG_INFO = INCLUDE_SOURCE;
				MTL_FAST_MATH = YES;
				ONLY_ACTIVE_ARCH = YES;
				SDKROOT = iphoneos;
				SWIFT_ACTIVE_COMPILATION_CONDITIONS = DEBUG;
				SWIFT_OPTIMIZATION_LEVEL = "-Onone";
			};
			name = Debug;
		};
		CB14888D25F758700049C2D2 /* Release */ = {
			isa = XCBuildConfiguration;
			buildSettings = {
				ALWAYS_SEARCH_USER_PATHS = NO;
				CLANG_ANALYZER_NONNULL = YES;
				CLANG_ANALYZER_NUMBER_OBJECT_CONVERSION = YES_AGGRESSIVE;
				CLANG_CXX_LANGUAGE_STANDARD = "gnu++14";
				CLANG_CXX_LIBRARY = "libc++";
				CLANG_ENABLE_MODULES = YES;
				CLANG_ENABLE_OBJC_ARC = YES;
				CLANG_ENABLE_OBJC_WEAK = YES;
				CLANG_WARN_BLOCK_CAPTURE_AUTORELEASING = YES;
				CLANG_WARN_BOOL_CONVERSION = YES;
				CLANG_WARN_COMMA = YES;
				CLANG_WARN_CONSTANT_CONVERSION = YES;
				CLANG_WARN_DEPRECATED_OBJC_IMPLEMENTATIONS = YES;
				CLANG_WARN_DIRECT_OBJC_ISA_USAGE = YES_ERROR;
				CLANG_WARN_DOCUMENTATION_COMMENTS = YES;
				CLANG_WARN_EMPTY_BODY = YES;
				CLANG_WARN_ENUM_CONVERSION = YES;
				CLANG_WARN_INFINITE_RECURSION = YES;
				CLANG_WARN_INT_CONVERSION = YES;
				CLANG_WARN_NON_LITERAL_NULL_CONVERSION = YES;
				CLANG_WARN_OBJC_IMPLICIT_RETAIN_SELF = YES;
				CLANG_WARN_OBJC_LITERAL_CONVERSION = YES;
				CLANG_WARN_OBJC_ROOT_CLASS = YES_ERROR;
				CLANG_WARN_QUOTED_INCLUDE_IN_FRAMEWORK_HEADER = YES;
				CLANG_WARN_RANGE_LOOP_ANALYSIS = YES;
				CLANG_WARN_STRICT_PROTOTYPES = YES;
				CLANG_WARN_SUSPICIOUS_MOVE = YES;
				CLANG_WARN_UNGUARDED_AVAILABILITY = YES_AGGRESSIVE;
				CLANG_WARN_UNREACHABLE_CODE = YES;
				CLANG_WARN__DUPLICATE_METHOD_MATCH = YES;
				COPY_PHASE_STRIP = NO;
				DEBUG_INFORMATION_FORMAT = "dwarf-with-dsym";
				ENABLE_NS_ASSERTIONS = NO;
				ENABLE_STRICT_OBJC_MSGSEND = YES;
				GCC_C_LANGUAGE_STANDARD = gnu11;
				GCC_NO_COMMON_BLOCKS = YES;
				GCC_WARN_64_TO_32_BIT_CONVERSION = YES;
				GCC_WARN_ABOUT_RETURN_TYPE = YES_ERROR;
				GCC_WARN_UNDECLARED_SELECTOR = YES;
				GCC_WARN_UNINITIALIZED_AUTOS = YES_AGGRESSIVE;
				GCC_WARN_UNUSED_FUNCTION = YES;
				GCC_WARN_UNUSED_VARIABLE = YES;
				IPHONEOS_DEPLOYMENT_TARGET = 14.4;
				MTL_ENABLE_DEBUG_INFO = NO;
				MTL_FAST_MATH = YES;
				SDKROOT = iphoneos;
				SWIFT_COMPILATION_MODE = wholemodule;
				SWIFT_OPTIMIZATION_LEVEL = "-O";
				VALIDATE_PRODUCT = YES;
			};
			name = Release;
		};
		CB14888F25F758700049C2D2 /* Debug */ = {
			isa = XCBuildConfiguration;
			buildSettings = {
				ASSETCATALOG_COMPILER_APPICON_NAME = AppIcon;
				ASSETCATALOG_COMPILER_GLOBAL_ACCENT_COLOR_NAME = AccentColor;
				CLANG_ENABLE_MODULES = YES;
				CODE_SIGN_STYLE = Automatic;
				DEVELOPMENT_TEAM = P8V3V4ZHCZ;
				INFOPLIST_FILE = MemoApp/Info.plist;
				LD_RUNPATH_SEARCH_PATHS = (
					"$(inherited)",
					"@executable_path/Frameworks",
				);
				PRODUCT_BUNDLE_IDENTIFIER = com.Shinyjade.MemoApp;
				PRODUCT_NAME = "$(TARGET_NAME)";
				SWIFT_OBJC_BRIDGING_HEADER = "MemoApp/MemoApp-Bridging-Header.h";
				SWIFT_OPTIMIZATION_LEVEL = "-Onone";
				SWIFT_VERSION = 5.0;
				TARGETED_DEVICE_FAMILY = 1;
			};
			name = Debug;
		};
		CB14889025F758700049C2D2 /* Release */ = {
			isa = XCBuildConfiguration;
			buildSettings = {
				ASSETCATALOG_COMPILER_APPICON_NAME = AppIcon;
				ASSETCATALOG_COMPILER_GLOBAL_ACCENT_COLOR_NAME = AccentColor;
				CLANG_ENABLE_MODULES = YES;
				CODE_SIGN_STYLE = Automatic;
				DEVELOPMENT_TEAM = P8V3V4ZHCZ;
				INFOPLIST_FILE = MemoApp/Info.plist;
				LD_RUNPATH_SEARCH_PATHS = (
					"$(inherited)",
					"@executable_path/Frameworks",
				);
				PRODUCT_BUNDLE_IDENTIFIER = com.Shinyjade.MemoApp;
				PRODUCT_NAME = "$(TARGET_NAME)";
				SWIFT_OBJC_BRIDGING_HEADER = "MemoApp/MemoApp-Bridging-Header.h";
				SWIFT_VERSION = 5.0;
				TARGETED_DEVICE_FAMILY = 1;
			};
			name = Release;
		};
/* End XCBuildConfiguration section */

/* Begin XCConfigurationList section */
		CB14887225F758700049C2D2 /* Build configuration list for PBXProject "MemoApp" */ = {
			isa = XCConfigurationList;
			buildConfigurations = (
				CB14888C25F758700049C2D2 /* Debug */,
				CB14888D25F758700049C2D2 /* Release */,
			);
			defaultConfigurationIsVisible = 0;
			defaultConfigurationName = Release;
		};
		CB14888E25F758700049C2D2 /* Build configuration list for PBXNativeTarget "MemoApp" */ = {
			isa = XCConfigurationList;
			buildConfigurations = (
				CB14888F25F758700049C2D2 /* Debug */,
				CB14889025F758700049C2D2 /* Release */,
			);
			defaultConfigurationIsVisible = 0;
			defaultConfigurationName = Release;
		};
/* End XCConfigurationList section */

/* Begin XCVersionGroup section */
		CB14888325F758700049C2D2 /* MemoApp.xcdatamodeld */ = {
			isa = XCVersionGroup;
			children = (
				CB14888425F758700049C2D2 /* MemoApp.xcdatamodel */,
			);
			currentVersion = CB14888425F758700049C2D2 /* MemoApp.xcdatamodel */;
			path = MemoApp.xcdatamodeld;
			sourceTree = "<group>";
			versionGroupType = wrapper.xcdatamodel;
		};
/* End XCVersionGroup section */
	};
	rootObject = CB14886F25F758700049C2D2 /* Project object */;
}
